// !$*UTF8*$!
{
	archiveVersion = 1;
	classes = {
	};
	objectVersion = 50;
	objects = {

/* Begin PBXBuildFile section */
		161AA9EC211C1D7F001AA842 /* AppDelegate.m in Sources */ = {isa = PBXBuildFile; fileRef = 161AA9EB211C1D7F001AA842 /* AppDelegate.m */; };
		161AA9EF211C1D7F001AA842 /* ViewController.m in Sources */ = {isa = PBXBuildFile; fileRef = 161AA9EE211C1D7F001AA842 /* ViewController.m */; };
		161AA9F2211C1D7F001AA842 /* Main.storyboard in Resources */ = {isa = PBXBuildFile; fileRef = 161AA9F0211C1D7F001AA842 /* Main.storyboard */; };
		161AA9F4211C1D80001AA842 /* Assets.xcassets in Resources */ = {isa = PBXBuildFile; fileRef = 161AA9F3211C1D80001AA842 /* Assets.xcassets */; };
		161AA9F7211C1D80001AA842 /* LaunchScreen.storyboard in Resources */ = {isa = PBXBuildFile; fileRef = 161AA9F5211C1D80001AA842 /* LaunchScreen.storyboard */; };
		161AA9FA211C1D80001AA842 /* main.m in Sources */ = {isa = PBXBuildFile; fileRef = 161AA9F9211C1D80001AA842 /* main.m */; };
		163575CC2121666E003856C3 /* README.md in Resources */ = {isa = PBXBuildFile; fileRef = 163575CB2121666D003856C3 /* README.md */; };
		16A1A838218B132E00C84D79 /* README.txt in Resources */ = {isa = PBXBuildFile; fileRef = 16A1A82C218B132D00C84D79 /* README.txt */; };
		16A1A839218B132E00C84D79 /* libWeChatSDK.a in Frameworks */ = {isa = PBXBuildFile; fileRef = 16A1A82E218B132D00C84D79 /* libWeChatSDK.a */; };
		16A1A83A218B132E00C84D79 /* AlipaySDK.bundle in Resources */ = {isa = PBXBuildFile; fileRef = 16A1A831218B132E00C84D79 /* AlipaySDK.bundle */; };
		16A1A83B218B132E00C84D79 /* AlipaySDK.framework in Frameworks */ = {isa = PBXBuildFile; fileRef = 16A1A832218B132E00C84D79 /* AlipaySDK.framework */; };
		16A1A83C218B132E00C84D79 /* libPaymentControl.a in Frameworks */ = {isa = PBXBuildFile; fileRef = 16A1A835218B132E00C84D79 /* libPaymentControl.a */; };
		16A1A83D218B132E00C84D79 /* PayService.m in Sources */ = {isa = PBXBuildFile; fileRef = 16A1A836218B132E00C84D79 /* PayService.m */; };
		16A1A83E218B132E00C84D79 /* PayOrderInfo.m in Sources */ = {isa = PBXBuildFile; fileRef = 16A1A837218B132E00C84D79 /* PayOrderInfo.m */; };
		16A3D7EF211D78C900FAA495 /* SystemConfiguration.framework in Frameworks */ = {isa = PBXBuildFile; fileRef = 16A3D7EE211D78C900FAA495 /* SystemConfiguration.framework */; };
		16A3D7F1211D78D100FAA495 /* CoreTelephony.framework in Frameworks */ = {isa = PBXBuildFile; fileRef = 16A3D7F0211D78D100FAA495 /* CoreTelephony.framework */; };
		16A3D7F3211D78DB00FAA495 /* QuartzCore.framework in Frameworks */ = {isa = PBXBuildFile; fileRef = 16A3D7F2211D78DB00FAA495 /* QuartzCore.framework */; };
		16A3D7F5211D78E800FAA495 /* CoreText.framework in Frameworks */ = {isa = PBXBuildFile; fileRef = 16A3D7F4211D78E800FAA495 /* CoreText.framework */; };
		16A3D7F7211D78EF00FAA495 /* CoreGraphics.framework in Frameworks */ = {isa = PBXBuildFile; fileRef = 16A3D7F6211D78EF00FAA495 /* CoreGraphics.framework */; };
		16A3D7F9211D78F900FAA495 /* UIKit.framework in Frameworks */ = {isa = PBXBuildFile; fileRef = 16A3D7F8211D78F900FAA495 /* UIKit.framework */; };
		16A3D7FB211D790200FAA495 /* Foundation.framework in Frameworks */ = {isa = PBXBuildFile; fileRef = 16A3D7FA211D790200FAA495 /* Foundation.framework */; };
		16A3D7FD211D790C00FAA495 /* CFNetwork.framework in Frameworks */ = {isa = PBXBuildFile; fileRef = 16A3D7FC211D790C00FAA495 /* CFNetwork.framework */; };
		16A3D7FF211D791600FAA495 /* CoreMotion.framework in Frameworks */ = {isa = PBXBuildFile; fileRef = 16A3D7FE211D791600FAA495 /* CoreMotion.framework */; };
		16A3D801211D794D00FAA495 /* libc++.tbd in Frameworks */ = {isa = PBXBuildFile; fileRef = 16A3D800211D794D00FAA495 /* libc++.tbd */; };
		16A3D803211D795A00FAA495 /* libz.tbd in Frameworks */ = {isa = PBXBuildFile; fileRef = 16A3D802211D795A00FAA495 /* libz.tbd */; };
		16A3D805211D797800FAA495 /* libsqlite3.0.tbd in Frameworks */ = {isa = PBXBuildFile; fileRef = 16A3D804211D797800FAA495 /* libsqlite3.0.tbd */; };
		16A5BF272149F9410014501C /* 20180913094544.png in Resources */ = {isa = PBXBuildFile; fileRef = 16A5BF262149F9400014501C /* 20180913094544.png */; };
		16A5BF292149F9860014501C /* 20180913094813.png in Resources */ = {isa = PBXBuildFile; fileRef = 16A5BF282149F9860014501C /* 20180913094813.png */; };
		16A5BF2B2149F98F0014501C /* 20180913094831.png in Resources */ = {isa = PBXBuildFile; fileRef = 16A5BF2A2149F98F0014501C /* 20180913094831.png */; };
		69E4D03B4529FB05BD52466A /* Pods_PayDemo.framework in Frameworks */ = {isa = PBXBuildFile; fileRef = 17F2CCF796897224BA42537B /* Pods_PayDemo.framework */; };
/* End PBXBuildFile section */

/* Begin PBXFileReference section */
		161AA9E7211C1D7E001AA842 /* PayDemo.app */ = {isa = PBXFileReference; explicitFileType = wrapper.application; includeInIndex = 0; path = PayDemo.app; sourceTree = BUILT_PRODUCTS_DIR; };
		161AA9EA211C1D7F001AA842 /* AppDelegate.h */ = {isa = PBXFileReference; lastKnownFileType = sourcecode.c.h; path = AppDelegate.h; sourceTree = "<group>"; };
		161AA9EB211C1D7F001AA842 /* AppDelegate.m */ = {isa = PBXFileReference; lastKnownFileType = sourcecode.c.objc; path = AppDelegate.m; sourceTree = "<group>"; };
		161AA9ED211C1D7F001AA842 /* ViewController.h */ = {isa = PBXFileReference; lastKnownFileType = sourcecode.c.h; path = ViewController.h; sourceTree = "<group>"; };
		161AA9EE211C1D7F001AA842 /* ViewController.m */ = {isa = PBXFileReference; lastKnownFileType = sourcecode.c.objc; path = ViewController.m; sourceTree = "<group>"; };
		161AA9F1211C1D7F001AA842 /* Base */ = {isa = PBXFileReference; lastKnownFileType = file.storyboard; name = Base; path = Base.lproj/Main.storyboard; sourceTree = "<group>"; };
		161AA9F3211C1D80001AA842 /* Assets.xcassets */ = {isa = PBXFileReference; lastKnownFileType = folder.assetcatalog; path = Assets.xcassets; sourceTree = "<group>"; };
		161AA9F6211C1D80001AA842 /* Base */ = {isa = PBXFileReference; lastKnownFileType = file.storyboard; name = Base; path = Base.lproj/LaunchScreen.storyboard; sourceTree = "<group>"; };
		161AA9F8211C1D80001AA842 /* Info.plist */ = {isa = PBXFileReference; lastKnownFileType = text.plist.xml; path = Info.plist; sourceTree = "<group>"; };
		161AA9F9211C1D80001AA842 /* main.m */ = {isa = PBXFileReference; lastKnownFileType = sourcecode.c.objc; path = main.m; sourceTree = "<group>"; };
		163575CB2121666D003856C3 /* README.md */ = {isa = PBXFileReference; fileEncoding = 4; lastKnownFileType = net.daringfireball.markdown; path = README.md; sourceTree = "<group>"; };
		16A1A828218B132D00C84D79 /* PayService.h */ = {isa = PBXFileReference; fileEncoding = 4; lastKnownFileType = sourcecode.c.h; path = PayService.h; sourceTree = "<group>"; };
		16A1A82A218B132D00C84D79 /* WXApi.h */ = {isa = PBXFileReference; fileEncoding = 4; lastKnownFileType = sourcecode.c.h; path = WXApi.h; sourceTree = "<group>"; };
		16A1A82B218B132D00C84D79 /* WXApiObject.h */ = {isa = PBXFileReference; fileEncoding = 4; lastKnownFileType = sourcecode.c.h; path = WXApiObject.h; sourceTree = "<group>"; };
		16A1A82C218B132D00C84D79 /* README.txt */ = {isa = PBXFileReference; fileEncoding = 4; lastKnownFileType = text; path = README.txt; sourceTree = "<group>"; };
		16A1A82D218B132D00C84D79 /* WechatAuthSDK.h */ = {isa = PBXFileReference; fileEncoding = 4; lastKnownFileType = sourcecode.c.h; path = WechatAuthSDK.h; sourceTree = "<group>"; };
		16A1A82E218B132D00C84D79 /* libWeChatSDK.a */ = {isa = PBXFileReference; lastKnownFileType = archive.ar; path = libWeChatSDK.a; sourceTree = "<group>"; };
		16A1A82F218B132D00C84D79 /* PayOrderInfo.h */ = {isa = PBXFileReference; fileEncoding = 4; lastKnownFileType = sourcecode.c.h; path = PayOrderInfo.h; sourceTree = "<group>"; };
		16A1A831218B132E00C84D79 /* AlipaySDK.bundle */ = {isa = PBXFileReference; lastKnownFileType = "wrapper.plug-in"; path = AlipaySDK.bundle; sourceTree = "<group>"; };
		16A1A832218B132E00C84D79 /* AlipaySDK.framework */ = {isa = PBXFileReference; lastKnownFileType = wrapper.framework; path = AlipaySDK.framework; sourceTree = "<group>"; };
		16A1A834218B132E00C84D79 /* UPPaymentControl.h */ = {isa = PBXFileReference; fileEncoding = 4; lastKnownFileType = sourcecode.c.h; path = UPPaymentControl.h; sourceTree = "<group>"; };
		16A1A835218B132E00C84D79 /* libPaymentControl.a */ = {isa = PBXFileReference; lastKnownFileType = archive.ar; path = libPaymentControl.a; sourceTree = "<group>"; };
		16A1A836218B132E00C84D79 /* PayService.m */ = {isa = PBXFileReference; fileEncoding = 4; lastKnownFileType = sourcecode.c.objc; path = PayService.m; sourceTree = "<group>"; };
		16A1A837218B132E00C84D79 /* PayOrderInfo.m */ = {isa = PBXFileReference; fileEncoding = 4; lastKnownFileType = sourcecode.c.objc; path = PayOrderInfo.m; sourceTree = "<group>"; };
		16A3D7EE211D78C900FAA495 /* SystemConfiguration.framework */ = {isa = PBXFileReference; lastKnownFileType = wrapper.framework; name = SystemConfiguration.framework; path = System/Library/Frameworks/SystemConfiguration.framework; sourceTree = SDKROOT; };
		16A3D7F0211D78D100FAA495 /* CoreTelephony.framework */ = {isa = PBXFileReference; lastKnownFileType = wrapper.framework; name = CoreTelephony.framework; path = System/Library/Frameworks/CoreTelephony.framework; sourceTree = SDKROOT; };
		16A3D7F2211D78DB00FAA495 /* QuartzCore.framework */ = {isa = PBXFileReference; lastKnownFileType = wrapper.framework; name = QuartzCore.framework; path = System/Library/Frameworks/QuartzCore.framework; sourceTree = SDKROOT; };
		16A3D7F4211D78E800FAA495 /* CoreText.framework */ = {isa = PBXFileReference; lastKnownFileType = wrapper.framework; name = CoreText.framework; path = System/Library/Frameworks/CoreText.framework; sourceTree = SDKROOT; };
		16A3D7F6211D78EF00FAA495 /* CoreGraphics.framework */ = {isa = PBXFileReference; lastKnownFileType = wrapper.framework; name = CoreGraphics.framework; path = System/Library/Frameworks/CoreGraphics.framework; sourceTree = SDKROOT; };
		16A3D7F8211D78F900FAA495 /* UIKit.framework */ = {isa = PBXFileReference; lastKnownFileType = wrapper.framework; name = UIKit.framework; path = System/Library/Frameworks/UIKit.framework; sourceTree = SDKROOT; };
		16A3D7FA211D790200FAA495 /* Foundation.framework */ = {isa = PBXFileReference; lastKnownFileType = wrapper.framework; name = Foundation.framework; path = System/Library/Frameworks/Foundation.framework; sourceTree = SDKROOT; };
		16A3D7FC211D790C00FAA495 /* CFNetwork.framework */ = {isa = PBXFileReference; lastKnownFileType = wrapper.framework; name = CFNetwork.framework; path = System/Library/Frameworks/CFNetwork.framework; sourceTree = SDKROOT; };
		16A3D7FE211D791600FAA495 /* CoreMotion.framework */ = {isa = PBXFileReference; lastKnownFileType = wrapper.framework; name = CoreMotion.framework; path = System/Library/Frameworks/CoreMotion.framework; sourceTree = SDKROOT; };
		16A3D800211D794D00FAA495 /* libc++.tbd */ = {isa = PBXFileReference; lastKnownFileType = "sourcecode.text-based-dylib-definition"; name = "libc++.tbd"; path = "usr/lib/libc++.tbd"; sourceTree = SDKROOT; };
		16A3D802211D795A00FAA495 /* libz.tbd */ = {isa = PBXFileReference; lastKnownFileType = "sourcecode.text-based-dylib-definition"; name = libz.tbd; path = usr/lib/libz.tbd; sourceTree = SDKROOT; };
		16A3D804211D797800FAA495 /* libsqlite3.0.tbd */ = {isa = PBXFileReference; lastKnownFileType = "sourcecode.text-based-dylib-definition"; name = libsqlite3.0.tbd; path = usr/lib/libsqlite3.0.tbd; sourceTree = SDKROOT; };
		16A5BF262149F9400014501C /* 20180913094544.png */ = {isa = PBXFileReference; lastKnownFileType = image.png; path = 20180913094544.png; sourceTree = "<group>"; };
		16A5BF282149F9860014501C /* 20180913094813.png */ = {isa = PBXFileReference; lastKnownFileType = image.png; path = 20180913094813.png; sourceTree = "<group>"; };
		16A5BF2A2149F98F0014501C /* 20180913094831.png */ = {isa = PBXFileReference; lastKnownFileType = image.png; path = 20180913094831.png; sourceTree = "<group>"; };
		17F2CCF796897224BA42537B /* Pods_PayDemo.framework */ = {isa = PBXFileReference; explicitFileType = wrapper.framework; includeInIndex = 0; path = Pods_PayDemo.framework; sourceTree = BUILT_PRODUCTS_DIR; };
		E4E128606BDC762DC5F0D0F0 /* Pods-PayDemo.release.xcconfig */ = {isa = PBXFileReference; includeInIndex = 1; lastKnownFileType = text.xcconfig; name = "Pods-PayDemo.release.xcconfig"; path = "Pods/Target Support Files/Pods-PayDemo/Pods-PayDemo.release.xcconfig"; sourceTree = "<group>"; };
		F702E6C159E0ACEFB89EBA6B /* Pods-PayDemo.debug.xcconfig */ = {isa = PBXFileReference; includeInIndex = 1; lastKnownFileType = text.xcconfig; name = "Pods-PayDemo.debug.xcconfig"; path = "Pods/Target Support Files/Pods-PayDemo/Pods-PayDemo.debug.xcconfig"; sourceTree = "<group>"; };
/* End PBXFileReference section */

/* Begin PBXFrameworksBuildPhase section */
		161AA9E4211C1D7E001AA842 /* Frameworks */ = {
			isa = PBXFrameworksBuildPhase;
			buildActionMask = 2147483647;
			files = (
				16A1A839218B132E00C84D79 /* libWeChatSDK.a in Frameworks */,
				16A3D805211D797800FAA495 /* libsqlite3.0.tbd in Frameworks */,
				16A3D803211D795A00FAA495 /* libz.tbd in Frameworks */,
				16A3D801211D794D00FAA495 /* libc++.tbd in Frameworks */,
				16A3D7FF211D791600FAA495 /* CoreMotion.framework in Frameworks */,
				16A3D7FD211D790C00FAA495 /* CFNetwork.framework in Frameworks */,
				16A3D7FB211D790200FAA495 /* Foundation.framework in Frameworks */,
				16A3D7F9211D78F900FAA495 /* UIKit.framework in Frameworks */,
				16A1A83C218B132E00C84D79 /* libPaymentControl.a in Frameworks */,
				16A3D7F7211D78EF00FAA495 /* CoreGraphics.framework in Frameworks */,
				16A3D7F5211D78E800FAA495 /* CoreText.framework in Frameworks */,
				16A3D7F3211D78DB00FAA495 /* QuartzCore.framework in Frameworks */,
				16A1A83B218B132E00C84D79 /* AlipaySDK.framework in Frameworks */,
				16A3D7F1211D78D100FAA495 /* CoreTelephony.framework in Frameworks */,
				16A3D7EF211D78C900FAA495 /* SystemConfiguration.framework in Frameworks */,
				69E4D03B4529FB05BD52466A /* Pods_PayDemo.framework in Frameworks */,
			);
			runOnlyForDeploymentPostprocessing = 0;
		};
/* End PBXFrameworksBuildPhase section */

/* Begin PBXGroup section */
		161AA9DE211C1D7E001AA842 = {
			isa = PBXGroup;
			children = (
				161AA9E9211C1D7E001AA842 /* PayDemo */,
				163575CB2121666D003856C3 /* README.md */,
				161AA9E8211C1D7E001AA842 /* Products */,
				815C0ACD4BDC31D38602F4A5 /* Pods */,
				9F5FF689F6F710070D9559FC /* Frameworks */,
			);
			sourceTree = "<group>";
		};
		161AA9E8211C1D7E001AA842 /* Products */ = {
			isa = PBXGroup;
			children = (
				161AA9E7211C1D7E001AA842 /* PayDemo.app */,
			);
			name = Products;
			sourceTree = "<group>";
		};
		161AA9E9211C1D7E001AA842 /* PayDemo */ = {
			isa = PBXGroup;
			children = (
				16A1A827218B132D00C84D79 /* PayService */,
				161AA9EA211C1D7F001AA842 /* AppDelegate.h */,
				161AA9EB211C1D7F001AA842 /* AppDelegate.m */,
				161AA9ED211C1D7F001AA842 /* ViewController.h */,
				161AA9EE211C1D7F001AA842 /* ViewController.m */,
				161AA9F0211C1D7F001AA842 /* Main.storyboard */,
				161AA9F3211C1D80001AA842 /* Assets.xcassets */,
				161AA9F5211C1D80001AA842 /* LaunchScreen.storyboard */,
				161AA9F8211C1D80001AA842 /* Info.plist */,
				161AA9F9211C1D80001AA842 /* main.m */,
				16A5BF262149F9400014501C /* 20180913094544.png */,
				16A5BF282149F9860014501C /* 20180913094813.png */,
				16A5BF2A2149F98F0014501C /* 20180913094831.png */,
			);
			path = PayDemo;
			sourceTree = "<group>";
		};
		16A1A827218B132D00C84D79 /* PayService */ = {
			isa = PBXGroup;
			children = (
				16A1A830218B132D00C84D79 /* AlipaySDK */,
				16A1A833218B132E00C84D79 /* UnionPaySDK */,
				16A1A829218B132D00C84D79 /* WXpaySDK */,
				16A1A82F218B132D00C84D79 /* PayOrderInfo.h */,
				16A1A837218B132E00C84D79 /* PayOrderInfo.m */,
				16A1A828218B132D00C84D79 /* PayService.h */,
				16A1A836218B132E00C84D79 /* PayService.m */,
			);
			path = PayService;
			sourceTree = "<group>";
		};
		16A1A829218B132D00C84D79 /* WXpaySDK */ = {
			isa = PBXGroup;
			children = (
				16A1A82A218B132D00C84D79 /* WXApi.h */,
				16A1A82B218B132D00C84D79 /* WXApiObject.h */,
				16A1A82C218B132D00C84D79 /* README.txt */,
				16A1A82D218B132D00C84D79 /* WechatAuthSDK.h */,
				16A1A82E218B132D00C84D79 /* libWeChatSDK.a */,
			);
			path = WXpaySDK;
			sourceTree = "<group>";
		};
		16A1A830218B132D00C84D79 /* AlipaySDK */ = {
			isa = PBXGroup;
			children = (
				16A1A831218B132E00C84D79 /* AlipaySDK.bundle */,
				16A1A832218B132E00C84D79 /* AlipaySDK.framework */,
			);
			path = AlipaySDK;
			sourceTree = "<group>";
		};
		16A1A833218B132E00C84D79 /* UnionPaySDK */ = {
			isa = PBXGroup;
			children = (
				16A1A834218B132E00C84D79 /* UPPaymentControl.h */,
				16A1A835218B132E00C84D79 /* libPaymentControl.a */,
			);
			path = UnionPaySDK;
			sourceTree = "<group>";
		};
		815C0ACD4BDC31D38602F4A5 /* Pods */ = {
			isa = PBXGroup;
			children = (
				F702E6C159E0ACEFB89EBA6B /* Pods-PayDemo.debug.xcconfig */,
				E4E128606BDC762DC5F0D0F0 /* Pods-PayDemo.release.xcconfig */,
			);
			name = Pods;
			sourceTree = "<group>";
		};
		9F5FF689F6F710070D9559FC /* Frameworks */ = {
			isa = PBXGroup;
			children = (
				16A3D804211D797800FAA495 /* libsqlite3.0.tbd */,
				16A3D802211D795A00FAA495 /* libz.tbd */,
				16A3D800211D794D00FAA495 /* libc++.tbd */,
				16A3D7FE211D791600FAA495 /* CoreMotion.framework */,
				16A3D7FC211D790C00FAA495 /* CFNetwork.framework */,
				16A3D7FA211D790200FAA495 /* Foundation.framework */,
				16A3D7F8211D78F900FAA495 /* UIKit.framework */,
				16A3D7F6211D78EF00FAA495 /* CoreGraphics.framework */,
				16A3D7F4211D78E800FAA495 /* CoreText.framework */,
				16A3D7F2211D78DB00FAA495 /* QuartzCore.framework */,
				16A3D7F0211D78D100FAA495 /* CoreTelephony.framework */,
				16A3D7EE211D78C900FAA495 /* SystemConfiguration.framework */,
				17F2CCF796897224BA42537B /* Pods_PayDemo.framework */,
			);
			name = Frameworks;
			sourceTree = "<group>";
		};
/* End PBXGroup section */

/* Begin PBXNativeTarget section */
		161AA9E6211C1D7E001AA842 /* PayDemo */ = {
			isa = PBXNativeTarget;
			buildConfigurationList = 161AA9FD211C1D80001AA842 /* Build configuration list for PBXNativeTarget "PayDemo" */;
			buildPhases = (
				B5CC045714CCAAF00BD634B4 /* [CP] Check Pods Manifest.lock */,
				161AA9E3211C1D7E001AA842 /* Sources */,
				161AA9E4211C1D7E001AA842 /* Frameworks */,
				161AA9E5211C1D7E001AA842 /* Resources */,
				0F773CA2B1F5787112051958 /* [CP] Embed Pods Frameworks */,
			);
			buildRules = (
			);
			dependencies = (
			);
			name = PayDemo;
			productName = PayDemo;
			productReference = 161AA9E7211C1D7E001AA842 /* PayDemo.app */;
			productType = "com.apple.product-type.application";
		};
/* End PBXNativeTarget section */

/* Begin PBXProject section */
		161AA9DF211C1D7E001AA842 /* Project object */ = {
			isa = PBXProject;
			attributes = {
				LastUpgradeCheck = 0940;
				ORGANIZATIONNAME = "Chris Lee";
				TargetAttributes = {
					161AA9E6211C1D7E001AA842 = {
						CreatedOnToolsVersion = 9.4.1;
						SystemCapabilities = {
							com.apple.ApplePay = {
								enabled = 0;
							};
						};
					};
				};
			};
			buildConfigurationList = 161AA9E2211C1D7E001AA842 /* Build configuration list for PBXProject "PayDemo" */;
			compatibilityVersion = "Xcode 9.3";
			developmentRegion = en;
			hasScannedForEncodings = 0;
			knownRegions = (
				en,
				Base,
			);
			mainGroup = 161AA9DE211C1D7E001AA842;
			productRefGroup = 161AA9E8211C1D7E001AA842 /* Products */;
			projectDirPath = "";
			projectRoot = "";
			targets = (
				161AA9E6211C1D7E001AA842 /* PayDemo */,
			);
		};
/* End PBXProject section */

/* Begin PBXResourcesBuildPhase section */
		161AA9E5211C1D7E001AA842 /* Resources */ = {
			isa = PBXResourcesBuildPhase;
			buildActionMask = 2147483647;
			files = (
				16A1A83A218B132E00C84D79 /* AlipaySDK.bundle in Resources */,
				16A5BF2B2149F98F0014501C /* 20180913094831.png in Resources */,
				163575CC2121666E003856C3 /* README.md in Resources */,
				161AA9F7211C1D80001AA842 /* LaunchScreen.storyboard in Resources */,
				161AA9F4211C1D80001AA842 /* Assets.xcassets in Resources */,
				161AA9F2211C1D7F001AA842 /* Main.storyboard in Resources */,
				16A5BF292149F9860014501C /* 20180913094813.png in Resources */,
				16A1A838218B132E00C84D79 /* README.txt in Resources */,
				16A5BF272149F9410014501C /* 20180913094544.png in Resources */,
			);
			runOnlyForDeploymentPostprocessing = 0;
		};
/* End PBXResourcesBuildPhase section */

/* Begin PBXShellScriptBuildPhase section */
		0F773CA2B1F5787112051958 /* [CP] Embed Pods Frameworks */ = {
			isa = PBXShellScriptBuildPhase;
			buildActionMask = 2147483647;
			files = (
			);
			inputPaths = (
				"${SRCROOT}/Pods/Target Support Files/Pods-PayDemo/Pods-PayDemo-frameworks.sh",
				"${BUILT_PRODUCTS_DIR}/AFNetworking/AFNetworking.framework",
			);
			name = "[CP] Embed Pods Frameworks";
			outputPaths = (
				"${TARGET_BUILD_DIR}/${FRAMEWORKS_FOLDER_PATH}/AFNetworking.framework",
			);
			runOnlyForDeploymentPostprocessing = 0;
			shellPath = /bin/sh;
			shellScript = "\"${SRCROOT}/Pods/Target Support Files/Pods-PayDemo/Pods-PayDemo-frameworks.sh\"\n";
			showEnvVarsInLog = 0;
		};
		B5CC045714CCAAF00BD634B4 /* [CP] Check Pods Manifest.lock */ = {
			isa = PBXShellScriptBuildPhase;
			buildActionMask = 2147483647;
			files = (
			);
			inputPaths = (
				"${PODS_PODFILE_DIR_PATH}/Podfile.lock",
				"${PODS_ROOT}/Manifest.lock",
			);
			name = "[CP] Check Pods Manifest.lock";
			outputPaths = (
				"$(DERIVED_FILE_DIR)/Pods-PayDemo-checkManifestLockResult.txt",
			);
			runOnlyForDeploymentPostprocessing = 0;
			shellPath = /bin/sh;
			shellScript = "diff \"${PODS_PODFILE_DIR_PATH}/Podfile.lock\" \"${PODS_ROOT}/Manifest.lock\" > /dev/null\nif [ $? != 0 ] ; then\n    # print error to STDERR\n    echo \"error: The sandbox is not in sync with the Podfile.lock. Run 'pod install' or update your CocoaPods installation.\" >&2\n    exit 1\nfi\n# This output is used by Xcode 'outputs' to avoid re-running this script phase.\necho \"SUCCESS\" > \"${SCRIPT_OUTPUT_FILE_0}\"\n";
			showEnvVarsInLog = 0;
		};
/* End PBXShellScriptBuildPhase section */

/* Begin PBXSourcesBuildPhase section */
		161AA9E3211C1D7E001AA842 /* Sources */ = {
			isa = PBXSourcesBuildPhase;
			buildActionMask = 2147483647;
			files = (
				161AA9EF211C1D7F001AA842 /* ViewController.m in Sources */,
				161AA9FA211C1D80001AA842 /* main.m in Sources */,
				16A1A83D218B132E00C84D79 /* PayService.m in Sources */,
				16A1A83E218B132E00C84D79 /* PayOrderInfo.m in Sources */,
				161AA9EC211C1D7F001AA842 /* AppDelegate.m in Sources */,
			);
			runOnlyForDeploymentPostprocessing = 0;
		};
/* End PBXSourcesBuildPhase section */

/* Begin PBXVariantGroup section */
		161AA9F0211C1D7F001AA842 /* Main.storyboard */ = {
			isa = PBXVariantGroup;
			children = (
				161AA9F1211C1D7F001AA842 /* Base */,
			);
			name = Main.storyboard;
			sourceTree = "<group>";
		};
		161AA9F5211C1D80001AA842 /* LaunchScreen.storyboard */ = {
			isa = PBXVariantGroup;
			children = (
				161AA9F6211C1D80001AA842 /* Base */,
			);
			name = LaunchScreen.storyboard;
			sourceTree = "<group>";
		};
/* End PBXVariantGroup section */

/* Begin XCBuildConfiguration section */
		161AA9FB211C1D80001AA842 /* Debug */ = {
			isa = XCBuildConfiguration;
			buildSettings = {
				ALWAYS_SEARCH_USER_PATHS = NO;
				CLANG_ANALYZER_NONNULL = YES;
				CLANG_ANALYZER_NUMBER_OBJECT_CONVERSION = YES_AGGRESSIVE;
				CLANG_CXX_LANGUAGE_STANDARD = "gnu++14";
				CLANG_CXX_LIBRARY = "libc++";
				CLANG_ENABLE_MODULES = YES;
				CLANG_ENABLE_OBJC_ARC = YES;
				CLANG_ENABLE_OBJC_WEAK = YES;
				CLANG_WARN_BLOCK_CAPTURE_AUTORELEASING = YES;
				CLANG_WARN_BOOL_CONVERSION = YES;
				CLANG_WARN_COMMA = YES;
				CLANG_WARN_CONSTANT_CONVERSION = YES;
				CLANG_WARN_DEPRECATED_OBJC_IMPLEMENTATIONS = YES;
				CLANG_WARN_DIRECT_OBJC_ISA_USAGE = YES_ERROR;
				CLANG_WARN_DOCUMENTATION_COMMENTS = YES;
				CLANG_WARN_EMPTY_BODY = YES;
				CLANG_WARN_ENUM_CONVERSION = YES;
				CLANG_WARN_INFINITE_RECURSION = YES;
				CLANG_WARN_INT_CONVERSION = YES;
				CLANG_WARN_NON_LITERAL_NULL_CONVERSION = YES;
				CLANG_WARN_OBJC_IMPLICIT_RETAIN_SELF = YES;
				CLANG_WARN_OBJC_LITERAL_CONVERSION = YES;
				CLANG_WARN_OBJC_ROOT_CLASS = YES_ERROR;
				CLANG_WARN_RANGE_LOOP_ANALYSIS = YES;
				CLANG_WARN_STRICT_PROTOTYPES = YES;
				CLANG_WARN_SUSPICIOUS_MOVE = YES;
				CLANG_WARN_UNGUARDED_AVAILABILITY = YES_AGGRESSIVE;
				CLANG_WARN_UNREACHABLE_CODE = YES;
				CLANG_WARN__DUPLICATE_METHOD_MATCH = YES;
				CODE_SIGN_IDENTITY = "iPhone Developer";
				COPY_PHASE_STRIP = NO;
				DEBUG_INFORMATION_FORMAT = dwarf;
				ENABLE_STRICT_OBJC_MSGSEND = YES;
				ENABLE_TESTABILITY = YES;
				GCC_C_LANGUAGE_STANDARD = gnu11;
				GCC_DYNAMIC_NO_PIC = NO;
				GCC_NO_COMMON_BLOCKS = YES;
				GCC_OPTIMIZATION_LEVEL = 0;
				GCC_PREPROCESSOR_DEFINITIONS = (
					"DEBUG=1",
					"$(inherited)",
				);
				GCC_WARN_64_TO_32_BIT_CONVERSION = YES;
				GCC_WARN_ABOUT_RETURN_TYPE = YES_ERROR;
				GCC_WARN_UNDECLARED_SELECTOR = YES;
				GCC_WARN_UNINITIALIZED_AUTOS = YES_AGGRESSIVE;
				GCC_WARN_UNUSED_FUNCTION = YES;
				GCC_WARN_UNUSED_VARIABLE = YES;
				IPHONEOS_DEPLOYMENT_TARGET = 9.0;
				MTL_ENABLE_DEBUG_INFO = YES;
				ONLY_ACTIVE_ARCH = YES;
				SDKROOT = iphoneos;
			};
			name = Debug;
		};
		161AA9FC211C1D80001AA842 /* Release */ = {
			isa = XCBuildConfiguration;
			buildSettings = {
				ALWAYS_SEARCH_USER_PATHS = NO;
				CLANG_ANALYZER_NONNULL = YES;
				CLANG_ANALYZER_NUMBER_OBJECT_CONVERSION = YES_AGGRESSIVE;
				CLANG_CXX_LANGUAGE_STANDARD = "gnu++14";
				CLANG_CXX_LIBRARY = "libc++";
				CLANG_ENABLE_MODULES = YES;
				CLANG_ENABLE_OBJC_ARC = YES;
				CLANG_ENABLE_OBJC_WEAK = YES;
				CLANG_WARN_BLOCK_CAPTURE_AUTORELEASING = YES;
				CLANG_WARN_BOOL_CONVERSION = YES;
				CLANG_WARN_COMMA = YES;
				CLANG_WARN_CONSTANT_CONVERSION = YES;
				CLANG_WARN_DEPRECATED_OBJC_IMPLEMENTATIONS = YES;
				CLANG_WARN_DIRECT_OBJC_ISA_USAGE = YES_ERROR;
				CLANG_WARN_DOCUMENTATION_COMMENTS = YES;
				CLANG_WARN_EMPTY_BODY = YES;
				CLANG_WARN_ENUM_CONVERSION = YES;
				CLANG_WARN_INFINITE_RECURSION = YES;
				CLANG_WARN_INT_CONVERSION = YES;
				CLANG_WARN_NON_LITERAL_NULL_CONVERSION = YES;
				CLANG_WARN_OBJC_IMPLICIT_RETAIN_SELF = YES;
				CLANG_WARN_OBJC_LITERAL_CONVERSION = YES;
				CLANG_WARN_OBJC_ROOT_CLASS = YES_ERROR;
				CLANG_WARN_RANGE_LOOP_ANALYSIS = YES;
				CLANG_WARN_STRICT_PROTOTYPES = YES;
				CLANG_WARN_SUSPICIOUS_MOVE = YES;
				CLANG_WARN_UNGUARDED_AVAILABILITY = YES_AGGRESSIVE;
				CLANG_WARN_UNREACHABLE_CODE = YES;
				CLANG_WARN__DUPLICATE_METHOD_MATCH = YES;
				CODE_SIGN_IDENTITY = "iPhone Developer";
				COPY_PHASE_STRIP = NO;
				DEBUG_INFORMATION_FORMAT = "dwarf-with-dsym";
				ENABLE_NS_ASSERTIONS = NO;
				ENABLE_STRICT_OBJC_MSGSEND = YES;
				GCC_C_LANGUAGE_STANDARD = gnu11;
				GCC_NO_COMMON_BLOCKS = YES;
				GCC_WARN_64_TO_32_BIT_CONVERSION = YES;
				GCC_WARN_ABOUT_RETURN_TYPE = YES_ERROR;
				GCC_WARN_UNDECLARED_SELECTOR = YES;
				GCC_WARN_UNINITIALIZED_AUTOS = YES_AGGRESSIVE;
				GCC_WARN_UNUSED_FUNCTION = YES;
				GCC_WARN_UNUSED_VARIABLE = YES;
				IPHONEOS_DEPLOYMENT_TARGET = 9.0;
				MTL_ENABLE_DEBUG_INFO = NO;
				SDKROOT = iphoneos;
				VALIDATE_PRODUCT = YES;
			};
			name = Release;
		};
		161AA9FE211C1D80001AA842 /* Debug */ = {
			isa = XCBuildConfiguration;
			baseConfigurationReference = F702E6C159E0ACEFB89EBA6B /* Pods-PayDemo.debug.xcconfig */;
			buildSettings = {
				ASSETCATALOG_COMPILER_APPICON_NAME = AppIcon;
				CODE_SIGN_STYLE = Automatic;
				DEVELOPMENT_TEAM = F58QU777B2;
				FRAMEWORK_SEARCH_PATHS = (
					"$(inherited)",
					"$(PROJECT_DIR)/PayDemo/AlipaySDK",
					"$(PROJECT_DIR)/PayDemo/PayService/AlipaySDK",
				);
				INFOPLIST_FILE = PayDemo/Info.plist;
				LD_RUNPATH_SEARCH_PATHS = (
					"$(inherited)",
					"@executable_path/Frameworks",
				);
				LIBRARY_SEARCH_PATHS = (
					"$(inherited)",
					"$(PROJECT_DIR)/PayDemo/WxpaySDK",
					"$(PROJECT_DIR)/PayDemo/UnionPaySDK",
					"$(PROJECT_DIR)/PayDemo/PayService/WXpaySDK",
					"$(PROJECT_DIR)/PayDemo/PayService/UnionPaySDK",
				);
				OTHER_LDFLAGS = (
					"$(inherited)",
					"-framework",
					"\"AFNetworking\"",
					"-Objc",
					"-all_load",
				);
				PRODUCT_BUNDLE_IDENTIFIER = com.cheok.PayDemo;
				PRODUCT_NAME = "$(TARGET_NAME)";
				TARGETED_DEVICE_FAMILY = "1,2";
			};
			name = Debug;
		};
		161AA9FF211C1D80001AA842 /* Release */ = {
			isa = XCBuildConfiguration;
			baseConfigurationReference = E4E128606BDC762DC5F0D0F0 /* Pods-PayDemo.release.xcconfig */;
			buildSettings = {
				ASSETCATALOG_COMPILER_APPICON_NAME = AppIcon;
				CODE_SIGN_STYLE = Automatic;
				DEVELOPMENT_TEAM = F58QU777B2;
				FRAMEWORK_SEARCH_PATHS = (
					"$(inherited)",
					"$(PROJECT_DIR)/PayDemo/AlipaySDK",
					"$(PROJECT_DIR)/PayDemo/PayService/AlipaySDK",
				);
				INFOPLIST_FILE = PayDemo/Info.plist;
				LD_RUNPATH_SEARCH_PATHS = (
					"$(inherited)",
					"@executable_path/Frameworks",
				);
				LIBRARY_SEARCH_PATHS = (
					"$(inherited)",
					"$(PROJECT_DIR)/PayDemo/WxpaySDK",
					"$(PROJECT_DIR)/PayDemo/UnionPaySDK",
					"$(PROJECT_DIR)/PayDemo/PayService/WXpaySDK",
					"$(PROJECT_DIR)/PayDemo/PayService/UnionPaySDK",
				);
				OTHER_LDFLAGS = (
					"$(inherited)",
					"-framework",
					"\"AFNetworking\"",
					"-Objc",
					"-all_load",
				);
				PRODUCT_BUNDLE_IDENTIFIER = com.cheok.PayDemo;
				PRODUCT_NAME = "$(TARGET_NAME)";
				TARGETED_DEVICE_FAMILY = "1,2";
			};
			name = Release;
		};
/* End XCBuildConfiguration section */

/* Begin XCConfigurationList section */
		161AA9E2211C1D7E001AA842 /* Build configuration list for PBXProject "PayDemo" */ = {
			isa = XCConfigurationList;
			buildConfigurations = (
				161AA9FB211C1D80001AA842 /* Debug */,
				161AA9FC211C1D80001AA842 /* Release */,
			);
			defaultConfigurationIsVisible = 0;
			defaultConfigurationName = Release;
		};
		161AA9FD211C1D80001AA842 /* Build configuration list for PBXNativeTarget "PayDemo" */ = {
			isa = XCConfigurationList;
			buildConfigurations = (
				161AA9FE211C1D80001AA842 /* Debug */,
				161AA9FF211C1D80001AA842 /* Release */,
			);
			defaultConfigurationIsVisible = 0;
			defaultConfigurationName = Release;
		};
/* End XCConfigurationList section */
	};
	rootObject = 161AA9DF211C1D7E001AA842 /* Project object */;
}
